// !$*UTF8*$!
{
	archiveVersion = 1;
	classes = {
	};
	objectVersion = 46;
	objects = {

/* Begin PBXBuildFile section */
		DF605D3B19D259C4005E07C0 /* main.m in Sources */ = {isa = PBXBuildFile; fileRef = DF605D3A19D259C4005E07C0 /* main.m */; };
		DF605D3E19D259C4005E07C0 /* AppDelegate.m in Sources */ = {isa = PBXBuildFile; fileRef = DF605D3D19D259C4005E07C0 /* AppDelegate.m */; };
		DF605D4119D259C4005E07C0 /* CalculatorWithCPP.xcdatamodeld in Sources */ = {isa = PBXBuildFile; fileRef = DF605D3F19D259C4005E07C0 /* CalculatorWithCPP.xcdatamodeld */; };
		DF605D4419D259C4005E07C0 /* ViewController.mm in Sources */ = {isa = PBXBuildFile; fileRef = DF605D4319D259C4005E07C0 /* ViewController.mm */; };
		DF605D4719D259C4005E07C0 /* Main.storyboard in Resources */ = {isa = PBXBuildFile; fileRef = DF605D4519D259C4005E07C0 /* Main.storyboard */; };
		DF605D4919D259C4005E07C0 /* Images.xcassets in Resources */ = {isa = PBXBuildFile; fileRef = DF605D4819D259C4005E07C0 /* Images.xcassets */; };
		DF605D4C19D259C4005E07C0 /* LaunchScreen.xib in Resources */ = {isa = PBXBuildFile; fileRef = DF605D4A19D259C4005E07C0 /* LaunchScreen.xib */; };
		DF605D5819D259C4005E07C0 /* CalculatorWithCPPTests.m in Sources */ = {isa = PBXBuildFile; fileRef = DF605D5719D259C4005E07C0 /* CalculatorWithCPPTests.m */; };
		DF605D6319D25CA1005E07C0 /* CalculationModel.mm in Sources */ = {isa = PBXBuildFile; fileRef = DF605D6219D25CA1005E07C0 /* CalculationModel.mm */; };
		DF69AD5D19D59E390014D86C /* CalculationModelTests.mm in Sources */ = {isa = PBXBuildFile; fileRef = DF69AD5C19D59E390014D86C /* CalculationModelTests.mm */; };
/* End PBXBuildFile section */

/* Begin PBXContainerItemProxy section */
		DF605D5219D259C4005E07C0 /* PBXContainerItemProxy */ = {
			isa = PBXContainerItemProxy;
			containerPortal = DF605D2D19D259C4005E07C0 /* Project object */;
			proxyType = 1;
			remoteGlobalIDString = DF605D3419D259C4005E07C0;
			remoteInfo = CalculatorWithCPP;
		};
/* End PBXContainerItemProxy section */

/* Begin PBXFileReference section */
		DF605D3519D259C4005E07C0 /* CalculatorWithCPP.app */ = {isa = PBXFileReference; explicitFileType = wrapper.application; includeInIndex = 0; path = CalculatorWithCPP.app; sourceTree = BUILT_PRODUCTS_DIR; };
		DF605D3919D259C4005E07C0 /* Info.plist */ = {isa = PBXFileReference; lastKnownFileType = text.plist.xml; path = Info.plist; sourceTree = "<group>"; };
		DF605D3A19D259C4005E07C0 /* main.m */ = {isa = PBXFileReference; lastKnownFileType = sourcecode.c.objc; path = main.m; sourceTree = "<group>"; };
		DF605D3C19D259C4005E07C0 /* AppDelegate.h */ = {isa = PBXFileReference; lastKnownFileType = sourcecode.c.h; path = AppDelegate.h; sourceTree = "<group>"; };
		DF605D3D19D259C4005E07C0 /* AppDelegate.m */ = {isa = PBXFileReference; lastKnownFileType = sourcecode.c.objc; path = AppDelegate.m; sourceTree = "<group>"; };
		DF605D4019D259C4005E07C0 /* CalculatorWithCPP.xcdatamodel */ = {isa = PBXFileReference; lastKnownFileType = wrapper.xcdatamodel; path = CalculatorWithCPP.xcdatamodel; sourceTree = "<group>"; };
		DF605D4219D259C4005E07C0 /* ViewController.h */ = {isa = PBXFileReference; lastKnownFileType = sourcecode.c.h; path = ViewController.h; sourceTree = "<group>"; };
		DF605D4319D259C4005E07C0 /* ViewController.mm */ = {isa = PBXFileReference; lastKnownFileType = sourcecode.cpp.objcpp; path = ViewController.mm; sourceTree = "<group>"; };
		DF605D4619D259C4005E07C0 /* Base */ = {isa = PBXFileReference; lastKnownFileType = file.storyboard; name = Base; path = Base.lproj/Main.storyboard; sourceTree = "<group>"; };
		DF605D4819D259C4005E07C0 /* Images.xcassets */ = {isa = PBXFileReference; lastKnownFileType = folder.assetcatalog; path = Images.xcassets; sourceTree = "<group>"; };
		DF605D4B19D259C4005E07C0 /* Base */ = {isa = PBXFileReference; lastKnownFileType = file.xib; name = Base; path = Base.lproj/LaunchScreen.xib; sourceTree = "<group>"; };
		DF605D5119D259C4005E07C0 /* CalculatorWithCPPTests.xctest */ = {isa = PBXFileReference; explicitFileType = wrapper.cfbundle; includeInIndex = 0; path = CalculatorWithCPPTests.xctest; sourceTree = BUILT_PRODUCTS_DIR; };
		DF605D5619D259C4005E07C0 /* Info.plist */ = {isa = PBXFileReference; lastKnownFileType = text.plist.xml; path = Info.plist; sourceTree = "<group>"; };
		DF605D5719D259C4005E07C0 /* CalculatorWithCPPTests.m */ = {isa = PBXFileReference; lastKnownFileType = sourcecode.c.objc; path = CalculatorWithCPPTests.m; sourceTree = "<group>"; };
		DF605D6119D25CA1005E07C0 /* CalculationModel.h */ = {isa = PBXFileReference; fileEncoding = 4; lastKnownFileType = sourcecode.c.h; path = CalculationModel.h; sourceTree = "<group>"; };
		DF605D6219D25CA1005E07C0 /* CalculationModel.mm */ = {isa = PBXFileReference; fileEncoding = 4; lastKnownFileType = sourcecode.cpp.objcpp; path = CalculationModel.mm; sourceTree = "<group>"; };
		DF69AD5C19D59E390014D86C /* CalculationModelTests.mm */ = {isa = PBXFileReference; fileEncoding = 4; lastKnownFileType = sourcecode.cpp.objcpp; path = CalculationModelTests.mm; sourceTree = "<group>"; };
/* End PBXFileReference section */

/* Begin PBXFrameworksBuildPhase section */
		DF605D3219D259C4005E07C0 /* Frameworks */ = {
			isa = PBXFrameworksBuildPhase;
			buildActionMask = 2147483647;
			files = (
			);
			runOnlyForDeploymentPostprocessing = 0;
		};
		DF605D4E19D259C4005E07C0 /* Frameworks */ = {
			isa = PBXFrameworksBuildPhase;
			buildActionMask = 2147483647;
			files = (
			);
			runOnlyForDeploymentPostprocessing = 0;
		};
/* End PBXFrameworksBuildPhase section */

/* Begin PBXGroup section */
		DF605D2C19D259C4005E07C0 = {
			isa = PBXGroup;
			children = (
				DF605D3719D259C4005E07C0 /* CalculatorWithCPP */,
				DF605D5419D259C4005E07C0 /* CalculatorWithCPPTests */,
				DF605D3619D259C4005E07C0 /* Products */,
			);
			sourceTree = "<group>";
		};
		DF605D3619D259C4005E07C0 /* Products */ = {
			isa = PBXGroup;
			children = (
				DF605D3519D259C4005E07C0 /* CalculatorWithCPP.app */,
				DF605D5119D259C4005E07C0 /* CalculatorWithCPPTests.xctest */,
			);
			name = Products;
			sourceTree = "<group>";
		};
		DF605D3719D259C4005E07C0 /* CalculatorWithCPP */ = {
			isa = PBXGroup;
			children = (
				DF605D3C19D259C4005E07C0 /* AppDelegate.h */,
				DF605D3D19D259C4005E07C0 /* AppDelegate.m */,
				DF605D4219D259C4005E07C0 /* ViewController.h */,
				DF605D4319D259C4005E07C0 /* ViewController.mm */,
				DF605D6119D25CA1005E07C0 /* CalculationModel.h */,
				DF605D6219D25CA1005E07C0 /* CalculationModel.mm */,
				DF605D4519D259C4005E07C0 /* Main.storyboard */,
				DF605D4819D259C4005E07C0 /* Images.xcassets */,
				DF605D4A19D259C4005E07C0 /* LaunchScreen.xib */,
				DF605D3F19D259C4005E07C0 /* CalculatorWithCPP.xcdatamodeld */,
				DF605D3819D259C4005E07C0 /* Supporting Files */,
			);
			path = CalculatorWithCPP;
			sourceTree = "<group>";
		};
		DF605D3819D259C4005E07C0 /* Supporting Files */ = {
			isa = PBXGroup;
			children = (
				DF605D3919D259C4005E07C0 /* Info.plist */,
				DF605D3A19D259C4005E07C0 /* main.m */,
			);
			name = "Supporting Files";
			sourceTree = "<group>";
		};
		DF605D5419D259C4005E07C0 /* CalculatorWithCPPTests */ = {
			isa = PBXGroup;
			children = (
				DF605D5719D259C4005E07C0 /* CalculatorWithCPPTests.m */,
				DF69AD5C19D59E390014D86C /* CalculationModelTests.mm */,
				DF605D5519D259C4005E07C0 /* Supporting Files */,
			);
			path = CalculatorWithCPPTests;
			sourceTree = "<group>";
		};
		DF605D5519D259C4005E07C0 /* Supporting Files */ = {
			isa = PBXGroup;
			children = (
				DF605D5619D259C4005E07C0 /* Info.plist */,
			);
			name = "Supporting Files";
			sourceTree = "<group>";
		};
/* End PBXGroup section */

/* Begin PBXNativeTarget section */
		DF605D3419D259C4005E07C0 /* CalculatorWithCPP */ = {
			isa = PBXNativeTarget;
			buildConfigurationList = DF605D5B19D259C4005E07C0 /* Build configuration list for PBXNativeTarget "CalculatorWithCPP" */;
			buildPhases = (
				DF605D3119D259C4005E07C0 /* Sources */,
				DF605D3219D259C4005E07C0 /* Frameworks */,
				DF605D3319D259C4005E07C0 /* Resources */,
			);
			buildRules = (
			);
			dependencies = (
			);
			name = CalculatorWithCPP;
			productName = CalculatorWithCPP;
			productReference = DF605D3519D259C4005E07C0 /* CalculatorWithCPP.app */;
			productType = "com.apple.product-type.application";
		};
		DF605D5019D259C4005E07C0 /* CalculatorWithCPPTests */ = {
			isa = PBXNativeTarget;
			buildConfigurationList = DF605D5E19D259C4005E07C0 /* Build configuration list for PBXNativeTarget "CalculatorWithCPPTests" */;
			buildPhases = (
				DF605D4D19D259C4005E07C0 /* Sources */,
				DF605D4E19D259C4005E07C0 /* Frameworks */,
				DF605D4F19D259C4005E07C0 /* Resources */,
			);
			buildRules = (
			);
			dependencies = (
				DF605D5319D259C4005E07C0 /* PBXTargetDependency */,
			);
			name = CalculatorWithCPPTests;
			productName = CalculatorWithCPPTests;
			productReference = DF605D5119D259C4005E07C0 /* CalculatorWithCPPTests.xctest */;
			productType = "com.apple.product-type.bundle.unit-test";
		};
/* End PBXNativeTarget section */

/* Begin PBXProject section */
		DF605D2D19D259C4005E07C0 /* Project object */ = {
			isa = PBXProject;
			attributes = {
				LastUpgradeCheck = 0600;
				ORGANIZATIONNAME = "孙培峰";
				TargetAttributes = {
					DF605D3419D259C4005E07C0 = {
						CreatedOnToolsVersion = 6.0.1;
					};
					DF605D5019D259C4005E07C0 = {
						CreatedOnToolsVersion = 6.0.1;
						TestTargetID = DF605D3419D259C4005E07C0;
					};
				};
			};
			buildConfigurationList = DF605D3019D259C4005E07C0 /* Build configuration list for PBXProject "CalculatorWithCPP" */;
			compatibilityVersion = "Xcode 3.2";
			developmentRegion = English;
			hasScannedForEncodings = 0;
			knownRegions = (
				en,
				Base,
			);
			mainGroup = DF605D2C19D259C4005E07C0;
			productRefGroup = DF605D3619D259C4005E07C0 /* Products */;
			projectDirPath = "";
			projectRoot = "";
			targets = (
				DF605D3419D259C4005E07C0 /* CalculatorWithCPP */,
				DF605D5019D259C4005E07C0 /* CalculatorWithCPPTests */,
			);
		};
/* End PBXProject section */

/* Begin PBXResourcesBuildPhase section */
		DF605D3319D259C4005E07C0 /* Resources */ = {
			isa = PBXResourcesBuildPhase;
			buildActionMask = 2147483647;
			files = (
				DF605D4719D259C4005E07C0 /* Main.storyboard in Resources */,
				DF605D4C19D259C4005E07C0 /* LaunchScreen.xib in Resources */,
				DF605D4919D259C4005E07C0 /* Images.xcassets in Resources */,
			);
			runOnlyForDeploymentPostprocessing = 0;
		};
		DF605D4F19D259C4005E07C0 /* Resources */ = {
			isa = PBXResourcesBuildPhase;
			buildActionMask = 2147483647;
			files = (
			);
			runOnlyForDeploymentPostprocessing = 0;
		};
/* End PBXResourcesBuildPhase section */

/* Begin PBXSourcesBuildPhase section */
		DF605D3119D259C4005E07C0 /* Sources */ = {
			isa = PBXSourcesBuildPhase;
			buildActionMask = 2147483647;
			files = (
				DF605D4119D259C4005E07C0 /* CalculatorWithCPP.xcdatamodeld in Sources */,
				DF605D3E19D259C4005E07C0 /* AppDelegate.m in Sources */,
				DF605D4419D259C4005E07C0 /* ViewController.mm in Sources */,
				DF605D3B19D259C4005E07C0 /* main.m in Sources */,
				DF605D6319D25CA1005E07C0 /* CalculationModel.mm in Sources */,
			);
			runOnlyForDeploymentPostprocessing = 0;
		};
		DF605D4D19D259C4005E07C0 /* Sources */ = {
			isa = PBXSourcesBuildPhase;
			buildActionMask = 2147483647;
			files = (
				DF605D5819D259C4005E07C0 /* CalculatorWithCPPTests.m in Sources */,
				DF69AD5D19D59E390014D86C /* CalculationModelTests.mm in Sources */,
			);
			runOnlyForDeploymentPostprocessing = 0;
		};
/* End PBXSourcesBuildPhase section */

/* Begin PBXTargetDependency section */
		DF605D5319D259C4005E07C0 /* PBXTargetDependency */ = {
			isa = PBXTargetDependency;
			target = DF605D3419D259C4005E07C0 /* CalculatorWithCPP */;
			targetProxy = DF605D5219D259C4005E07C0 /* PBXContainerItemProxy */;
		};
/* End PBXTargetDependency section */

/* Begin PBXVariantGroup section */
		DF605D4519D259C4005E07C0 /* Main.storyboard */ = {
			isa = PBXVariantGroup;
			children = (
				DF605D4619D259C4005E07C0 /* Base */,
			);
			name = Main.storyboard;
			sourceTree = "<group>";
		};
		DF605D4A19D259C4005E07C0 /* LaunchScreen.xib */ = {
			isa = PBXVariantGroup;
			children = (
				DF605D4B19D259C4005E07C0 /* Base */,
			);
			name = LaunchScreen.xib;
			sourceTree = "<group>";
		};
/* End PBXVariantGroup section */

/* Begin XCBuildConfiguration section */
		DF605D5919D259C4005E07C0 /* Debug */ = {
			isa = XCBuildConfiguration;
			buildSettings = {
				ALWAYS_SEARCH_USER_PATHS = NO;
				CLANG_CXX_LANGUAGE_STANDARD = "gnu++0x";
				CLANG_CXX_LIBRARY = "libc++";
				CLANG_ENABLE_MODULES = YES;
				CLANG_ENABLE_OBJC_ARC = YES;
				CLANG_WARN_BOOL_CONVERSION = YES;
				CLANG_WARN_CONSTANT_CONVERSION = YES;
				CLANG_WARN_DIRECT_OBJC_ISA_USAGE = YES_ERROR;
				CLANG_WARN_EMPTY_BODY = YES;
				CLANG_WARN_ENUM_CONVERSION = YES;
				CLANG_WARN_INT_CONVERSION = YES;
				CLANG_WARN_OBJC_ROOT_CLASS = YES_ERROR;
				CLANG_WARN_UNREACHABLE_CODE = YES;
				CLANG_WARN__DUPLICATE_METHOD_MATCH = YES;
				"CODE_SIGN_IDENTITY[sdk=iphoneos*]" = "iPhone Developer";
				COPY_PHASE_STRIP = NO;
				ENABLE_STRICT_OBJC_MSGSEND = YES;
				GCC_C_LANGUAGE_STANDARD = gnu99;
				GCC_DYNAMIC_NO_PIC = NO;
				GCC_OPTIMIZATION_LEVEL = 0;
				GCC_PREPROCESSOR_DEFINITIONS = (
					"DEBUG=1",
					"$(inherited)",
				);
				GCC_SYMBOLS_PRIVATE_EXTERN = NO;
				GCC_WARN_64_TO_32_BIT_CONVERSION = YES;
				GCC_WARN_ABOUT_RETURN_TYPE = YES_ERROR;
				GCC_WARN_UNDECLARED_SELECTOR = YES;
				GCC_WARN_UNINITIALIZED_AUTOS = YES_AGGRESSIVE;
				GCC_WARN_UNUSED_FUNCTION = YES;
				GCC_WARN_UNUSED_VARIABLE = YES;
				IPHONEOS_DEPLOYMENT_TARGET = 8.0;
				MTL_ENABLE_DEBUG_INFO = YES;
				ONLY_ACTIVE_ARCH = YES;
				SDKROOT = iphoneos;
				TARGETED_DEVICE_FAMILY = "1,2";
			};
			name = Debug;
		};
		DF605D5A19D259C4005E07C0 /* Release */ = {
			isa = XCBuildConfiguration;
			buildSettings = {
				ALWAYS_SEARCH_USER_PATHS = NO;
				CLANG_CXX_LANGUAGE_STANDARD = "gnu++0x";
				CLANG_CXX_LIBRARY = "libc++";
				CLANG_ENABLE_MODULES = YES;
				CLANG_ENABLE_OBJC_ARC = YES;
				CLANG_WARN_BOOL_CONVERSION = YES;
				CLANG_WARN_CONSTANT_CONVERSION = YES;
				CLANG_WARN_DIRECT_OBJC_ISA_USAGE = YES_ERROR;
				CLANG_WARN_EMPTY_BODY = YES;
				CLANG_WARN_ENUM_CONVERSION = YES;
				CLANG_WARN_INT_CONVERSION = YES;
				CLANG_WARN_OBJC_ROOT_CLASS = YES_ERROR;
				CLANG_WARN_UNREACHABLE_CODE = YES;
				CLANG_WARN__DUPLICATE_METHOD_MATCH = YES;
				"CODE_SIGN_IDENTITY[sdk=iphoneos*]" = "iPhone Developer";
				COPY_PHASE_STRIP = YES;
				ENABLE_NS_ASSERTIONS = NO;
				ENABLE_STRICT_OBJC_MSGSEND = YES;
				GCC_C_LANGUAGE_STANDARD = gnu99;
				GCC_WARN_64_TO_32_BIT_CONVERSION = YES;
				GCC_WARN_ABOUT_RETURN_TYPE = YES_ERROR;
				GCC_WARN_UNDECLARED_SELECTOR = YES;
				GCC_WARN_UNINITIALIZED_AUTOS = YES_AGGRESSIVE;
				GCC_WARN_UNUSED_FUNCTION = YES;
				GCC_WARN_UNUSED_VARIABLE = YES;
				IPHONEOS_DEPLOYMENT_TARGET = 8.0;
				MTL_ENABLE_DEBUG_INFO = NO;
				SDKROOT = iphoneos;
				TARGETED_DEVICE_FAMILY = "1,2";
				VALIDATE_PRODUCT = YES;
			};
			name = Release;
		};
		DF605D5C19D259C4005E07C0 /* Debug */ = {
			isa = XCBuildConfiguration;
			buildSettings = {
				ASSETCATALOG_COMPILER_APPICON_NAME = AppIcon;
				INFOPLIST_FILE = CalculatorWithCPP/Info.plist;
				LD_RUNPATH_SEARCH_PATHS = "$(inherited) @executable_path/Frameworks";
				PRODUCT_NAME = "$(TARGET_NAME)";
			};
			name = Debug;
		};
		DF605D5D19D259C4005E07C0 /* Release */ = {
			isa = XCBuildConfiguration;
			buildSettings = {
				ASSETCATALOG_COMPILER_APPICON_NAME = AppIcon;
				INFOPLIST_FILE = CalculatorWithCPP/Info.plist;
				LD_RUNPATH_SEARCH_PATHS = "$(inherited) @executable_path/Frameworks";
				PRODUCT_NAME = "$(TARGET_NAME)";
			};
			name = Release;
		};
		DF605D5F19D259C4005E07C0 /* Debug */ = {
			isa = XCBuildConfiguration;
			buildSettings = {
				BUNDLE_LOADER = "$(TEST_HOST)";
				FRAMEWORK_SEARCH_PATHS = (
					"$(SDKROOT)/Developer/Library/Frameworks",
					"$(inherited)",
				);
				GCC_PREPROCESSOR_DEFINITIONS = (
					"DEBUG=1",
					"$(inherited)",
				);
				INFOPLIST_FILE = CalculatorWithCPPTests/Info.plist;
				LD_RUNPATH_SEARCH_PATHS = "$(inherited) @executable_path/Frameworks @loader_path/Frameworks";
				PRODUCT_NAME = "$(TARGET_NAME)";
				TEST_HOST = "$(BUILT_PRODUCTS_DIR)/CalculatorWithCPP.app/CalculatorWithCPP";
			};
			name = Debug;
		};
		DF605D6019D259C4005E07C0 /* Release */ = {
			isa = XCBuildConfiguration;
			buildSettings = {
				BUNDLE_LOADER = "$(TEST_HOST)";
				FRAMEWORK_SEARCH_PATHS = (
					"$(SDKROOT)/Developer/Library/Frameworks",
					"$(inherited)",
				);
				INFOPLIST_FILE = CalculatorWithCPPTests/Info.plist;
				LD_RUNPATH_SEARCH_PATHS = "$(inherited) @executable_path/Frameworks @loader_path/Frameworks";
				PRODUCT_NAME = "$(TARGET_NAME)";
				TEST_HOST = "$(BUILT_PRODUCTS_DIR)/CalculatorWithCPP.app/CalculatorWithCPP";
			};
			name = Release;
		};
/* End XCBuildConfiguration section */

/* Begin XCConfigurationList section */
		DF605D3019D259C4005E07C0 /* Build configuration list for PBXProject "CalculatorWithCPP" */ = {
			isa = XCConfigurationList;
			buildConfigurations = (
				DF605D5919D259C4005E07C0 /* Debug */,
				DF605D5A19D259C4005E07C0 /* Release */,
			);
			defaultConfigurationIsVisible = 0;
			defaultConfigurationName = Release;
		};
		DF605D5B19D259C4005E07C0 /* Build configuration list for PBXNativeTarget "CalculatorWithCPP" */ = {
			isa = XCConfigurationList;
			buildConfigurations = (
				DF605D5C19D259C4005E07C0 /* Debug */,
				DF605D5D19D259C4005E07C0 /* Release */,
			);
			defaultConfigurationIsVisible = 0;
			defaultConfigurationName = Release;
		};
		DF605D5E19D259C4005E07C0 /* Build configuration list for PBXNativeTarget "CalculatorWithCPPTests" */ = {
			isa = XCConfigurationList;
			buildConfigurations = (
				DF605D5F19D259C4005E07C0 /* Debug */,
				DF605D6019D259C4005E07C0 /* Release */,
			);
			defaultConfigurationIsVisible = 0;
			defaultConfigurationName = Release;
		};
/* End XCConfigurationList section */

/* Begin XCVersionGroup section */
		DF605D3F19D259C4005E07C0 /* CalculatorWithCPP.xcdatamodeld */ = {
			isa = XCVersionGroup;
			children = (
				DF605D4019D259C4005E07C0 /* CalculatorWithCPP.xcdatamodel */,
			);
			currentVersion = DF605D4019D259C4005E07C0 /* CalculatorWithCPP.xcdatamodel */;
			path = CalculatorWithCPP.xcdatamodeld;
			sourceTree = "<group>";
			versionGroupType = wrapper.xcdatamodel;
		};
/* End XCVersionGroup section */
	};
	rootObject = DF605D2D19D259C4005E07C0 /* Project object */;
}
